
Microsoft Visual Studio Solution File, Format Version 12.00
# Visual Studio Version 17
VisualStudioVersion = 17.7.34221.43
MinimumVisualStudioVersion = 10.0.40219.1
Project("{FAE04EC0-301F-11D3-BF4B-00C04F79EFBC}") = "2_DataTypes", "2_DataTypes.csproj", "{BCF69C98-8834-4E73-8AD0-D865D0317153}"
EndProject
Global
	GlobalSection(SolutionConfigurationPlatforms) = preSolution
		Debug|Any CPU = Debug|Any CPU
		Release|Any CPU = Release|Any CPU
	EndGlobalSection
	GlobalSection(ProjectConfigurationPlatforms) = postSolution
		{BCF69C98-8834-4E73-8AD0-D865D0317153}.Debug|Any CPU.ActiveCfg = Debug|Any CPU
		{BCF69C98-8834-4E73-8AD0-D865D0317153}.Debug|Any CPU.Build.0 = Debug|Any CPU
		{BCF69C98-8834-4E73-8AD0-D865D0317153}.Release|Any CPU.ActiveCfg = Release|Any CPU
		{BCF69C98-8834-4E73-8AD0-D865D0317153}.Release|Any CPU.Build.0 = Release|Any CPU
	EndGlobalSection
	GlobalSection(SolutionProperties) = preSolution
		HideSolutionNode = FALSE
	EndGlobalSection
	GlobalSection(ExtensibilityGlobals) = postSolution
		SolutionGuid = {C36B6E76-08DF-4FE6-8E59-2F768D48AC22}
	EndGlobalSection
EndGlobal
