
Microsoft Visual Studio Solution File, Format Version 12.00
# Visual Studio Version 17
VisualStudioVersion = 17.7.34221.43
MinimumVisualStudioVersion = 10.0.40219.1
Project("{FAE04EC0-301F-11D3-BF4B-00C04F79EFBC}") = "5_LoopTest_Countdown", "5_LoopTest_Countdown.csproj", "{3C25999B-6103-460F-91F3-9ECB462A3F30}"
EndProject
Global
	GlobalSection(SolutionConfigurationPlatforms) = preSolution
		Debug|Any CPU = Debug|Any CPU
		Release|Any CPU = Release|Any CPU
	EndGlobalSection
	GlobalSection(ProjectConfigurationPlatforms) = postSolution
		{3C25999B-6103-460F-91F3-9ECB462A3F30}.Debug|Any CPU.ActiveCfg = Debug|Any CPU
		{3C25999B-6103-460F-91F3-9ECB462A3F30}.Debug|Any CPU.Build.0 = Debug|Any CPU
		{3C25999B-6103-460F-91F3-9ECB462A3F30}.Release|Any CPU.ActiveCfg = Release|Any CPU
		{3C25999B-6103-460F-91F3-9ECB462A3F30}.Release|Any CPU.Build.0 = Release|Any CPU
	EndGlobalSection
	GlobalSection(SolutionProperties) = preSolution
		HideSolutionNode = FALSE
	EndGlobalSection
	GlobalSection(ExtensibilityGlobals) = postSolution
		SolutionGuid = {54946687-5C87-4120-94AD-7FBBF49FFA0B}
	EndGlobalSection
EndGlobal
