
Microsoft Visual Studio Solution File, Format Version 12.00
# Visual Studio Version 17
VisualStudioVersion = 17.7.34221.43
MinimumVisualStudioVersion = 10.0.40219.1
Project("{FAE04EC0-301F-11D3-BF4B-00C04F79EFBC}") = "SimpleCalculator-CSharp", "SimpleCalculator-CSharp.csproj", "{CE071623-D35A-4705-9C86-600F79025B7A}"
EndProject
Global
	GlobalSection(SolutionConfigurationPlatforms) = preSolution
		Debug|Any CPU = Debug|Any CPU
		Release|Any CPU = Release|Any CPU
	EndGlobalSection
	GlobalSection(ProjectConfigurationPlatforms) = postSolution
		{CE071623-D35A-4705-9C86-600F79025B7A}.Debug|Any CPU.ActiveCfg = Debug|Any CPU
		{CE071623-D35A-4705-9C86-600F79025B7A}.Debug|Any CPU.Build.0 = Debug|Any CPU
		{CE071623-D35A-4705-9C86-600F79025B7A}.Release|Any CPU.ActiveCfg = Release|Any CPU
		{CE071623-D35A-4705-9C86-600F79025B7A}.Release|Any CPU.Build.0 = Release|Any CPU
	EndGlobalSection
	GlobalSection(SolutionProperties) = preSolution
		HideSolutionNode = FALSE
	EndGlobalSection
	GlobalSection(ExtensibilityGlobals) = postSolution
		SolutionGuid = {51A49D99-6B4C-49DA-AC05-2855A08755B8}
	EndGlobalSection
EndGlobal
